
Microsoft Visual Studio Solution File, Format Version 11.00
# Visual Studio 2010
Project("{FAE04EC0-301F-11D3-BF4B-00C04F79EFBC}") = "Lordecay", "Assembly-CSharp.csproj", "{F465BEE5-62CF-75B3-CDC6-E41383D4985E}"
EndProject
Project("{FAE04EC0-301F-11D3-BF4B-00C04F79EFBC}") = "Lordecay", "Assembly-CSharp-Editor.csproj", "{E4B6806E-5BB6-151D-9044-B3246A4EB98C}"
EndProject
Global
	GlobalSection(SolutionConfigurationPlatforms) = preSolution
		Debug|Any CPU = Debug|Any CPU
		Release|Any CPU = Release|Any CPU
	EndGlobalSection
	GlobalSection(ProjectConfigurationPlatforms) = postSolution
		{F465BEE5-62CF-75B3-CDC6-E41383D4985E}.Debug|Any CPU.ActiveCfg = Debug|Any CPU
		{F465BEE5-62CF-75B3-CDC6-E41383D4985E}.Debug|Any CPU.Build.0 = Debug|Any CPU
		{F465BEE5-62CF-75B3-CDC6-E41383D4985E}.Release|Any CPU.ActiveCfg = Release|Any CPU
		{F465BEE5-62CF-75B3-CDC6-E41383D4985E}.Release|Any CPU.Build.0 = Release|Any CPU
		{E4B6806E-5BB6-151D-9044-B3246A4EB98C}.Debug|Any CPU.ActiveCfg = Debug|Any CPU
		{E4B6806E-5BB6-151D-9044-B3246A4EB98C}.Debug|Any CPU.Build.0 = Debug|Any CPU
		{E4B6806E-5BB6-151D-9044-B3246A4EB98C}.Release|Any CPU.ActiveCfg = Release|Any CPU
		{E4B6806E-5BB6-151D-9044-B3246A4EB98C}.Release|Any CPU.Build.0 = Release|Any CPU
	EndGlobalSection
	GlobalSection(SolutionProperties) = preSolution
		HideSolutionNode = FALSE
	EndGlobalSection
	GlobalSection(MonoDevelopProperties) = preSolution
		StartupItem = Assembly-CSharp.csproj
	EndGlobalSection
EndGlobal
